
Microsoft Visual Studio Solution File, Format Version 12.00
# Visual Studio Version 17
VisualStudioVersion = 17.11.35303.130
MinimumVisualStudioVersion = 10.0.40219.1
Project("{FAE04EC0-301F-11D3-BF4B-00C04F79EFBC}") = "Projeto_1", "Projeto_1.csproj", "{C7690057-44DF-48EF-9040-EE5D92AF37DB}"
EndProject
Global
	GlobalSection(SolutionConfigurationPlatforms) = preSolution
		Debug|Any CPU = Debug|Any CPU
		Release|Any CPU = Release|Any CPU
	EndGlobalSection
	GlobalSection(ProjectConfigurationPlatforms) = postSolution
		{C7690057-44DF-48EF-9040-EE5D92AF37DB}.Debug|Any CPU.ActiveCfg = Debug|Any CPU
		{C7690057-44DF-48EF-9040-EE5D92AF37DB}.Debug|Any CPU.Build.0 = Debug|Any CPU
		{C7690057-44DF-48EF-9040-EE5D92AF37DB}.Release|Any CPU.ActiveCfg = Release|Any CPU
		{C7690057-44DF-48EF-9040-EE5D92AF37DB}.Release|Any CPU.Build.0 = Release|Any CPU
	EndGlobalSection
	GlobalSection(SolutionProperties) = preSolution
		HideSolutionNode = FALSE
	EndGlobalSection
	GlobalSection(ExtensibilityGlobals) = postSolution
		SolutionGuid = {0C324EC5-E087-4C87-B16C-B30062CDFE6B}
	EndGlobalSection
EndGlobal
